
Microsoft Visual Studio Solution File, Format Version 12.00
# Visual Studio Version 16
VisualStudioVersion = 16.0.31424.327
MinimumVisualStudioVersion = 10.0.40219.1
Project("{FAE04EC0-301F-11D3-BF4B-00C04F79EFBC}") = "SchoolSystem", "SchoolSystem\SchoolSystem.csproj", "{919AA5C4-685B-419E-A8FF-94489F5335B9}"
EndProject
Global
	GlobalSection(SolutionConfigurationPlatforms) = preSolution
		Debug|Any CPU = Debug|Any CPU
		Release|Any CPU = Release|Any CPU
	EndGlobalSection
	GlobalSection(ProjectConfigurationPlatforms) = postSolution
		{919AA5C4-685B-419E-A8FF-94489F5335B9}.Debug|Any CPU.ActiveCfg = Debug|Any CPU
		{919AA5C4-685B-419E-A8FF-94489F5335B9}.Debug|Any CPU.Build.0 = Debug|Any CPU
		{919AA5C4-685B-419E-A8FF-94489F5335B9}.Release|Any CPU.ActiveCfg = Release|Any CPU
		{919AA5C4-685B-419E-A8FF-94489F5335B9}.Release|Any CPU.Build.0 = Release|Any CPU
	EndGlobalSection
	GlobalSection(SolutionProperties) = preSolution
		HideSolutionNode = FALSE
	EndGlobalSection
	GlobalSection(ExtensibilityGlobals) = postSolution
		SolutionGuid = {00F5FF4B-E4D8-40FF-9694-3D4C322C7318}
	EndGlobalSection
EndGlobal
